// !$*UTF8*$!
{
	archiveVersion = 1;
	classes = {
	};
	objectVersion = 48;
	objects = {

/* Begin PBXBuildFile section */
		1A3819A25DB0776CB5C57E3F /* Pods________Tests.framework in Frameworks */ = {isa = PBXBuildFile; fileRef = 207B4F82247D94E1030B532A /* Pods________Tests.framework */; };
		472054CA1FAB0B6A00AD2A76 /* UploadImgJsonOperation.m in Sources */ = {isa = PBXBuildFile; fileRef = 472054C91FAB0B6A00AD2A76 /* UploadImgJsonOperation.m */; };
		472C9EA21FA583E6005481C9 /* AppDelegate.m in Sources */ = {isa = PBXBuildFile; fileRef = 472C9EA11FA583E6005481C9 /* AppDelegate.m */; };
		472C9EA51FA583E6005481C9 /* ViewController.m in Sources */ = {isa = PBXBuildFile; fileRef = 472C9EA41FA583E6005481C9 /* ViewController.m */; };
		472C9EA81FA583E6005481C9 /* Main.storyboard in Resources */ = {isa = PBXBuildFile; fileRef = 472C9EA61FA583E6005481C9 /* Main.storyboard */; };
		472C9EAA1FA583E6005481C9 /* Assets.xcassets in Resources */ = {isa = PBXBuildFile; fileRef = 472C9EA91FA583E6005481C9 /* Assets.xcassets */; };
		472C9EAD1FA583E6005481C9 /* LaunchScreen.storyboard in Resources */ = {isa = PBXBuildFile; fileRef = 472C9EAB1FA583E6005481C9 /* LaunchScreen.storyboard */; };
		472C9EB01FA583E6005481C9 /* main.m in Sources */ = {isa = PBXBuildFile; fileRef = 472C9EAF1FA583E6005481C9 /* main.m */; };
		472C9EC51FA583E7005481C9 /* _______UITests.m in Sources */ = {isa = PBXBuildFile; fileRef = 472C9EC41FA583E7005481C9 /* _______UITests.m */; };
		472C9ED41FA583F3005481C9 /* Person.m in Sources */ = {isa = PBXBuildFile; fileRef = 472C9ED31FA583F3005481C9 /* Person.m */; };
		472C9ED71FA586AA005481C9 /* KVCTest.m in Sources */ = {isa = PBXBuildFile; fileRef = 472C9ED61FA586AA005481C9 /* KVCTest.m */; };
		472C9ED91FA586B6005481C9 /* KVOTest.m in Sources */ = {isa = PBXBuildFile; fileRef = 472C9ED81FA586B6005481C9 /* KVOTest.m */; };
		472C9EDB1FA586BF005481C9 /* KVVTest.m in Sources */ = {isa = PBXBuildFile; fileRef = 472C9EDA1FA586BF005481C9 /* KVVTest.m */; };
		47488A3E1FCE5C4D00E992FC /* AFNTest.m in Sources */ = {isa = PBXBuildFile; fileRef = 47488A3D1FCE5C4D00E992FC /* AFNTest.m */; };
		47488AF51FCECC4E00E992FC /* DynamicChangeMethodViewController.m in Sources */ = {isa = PBXBuildFile; fileRef = 47488AF41FCECC4E00E992FC /* DynamicChangeMethodViewController.m */; };
		47488AF81FCECC9600E992FC /* NSObject+Hook.m in Sources */ = {isa = PBXBuildFile; fileRef = 47488AF71FCECC9600E992FC /* NSObject+Hook.m */; };
		47488AFB1FCECD0900E992FC /* SubClass.m in Sources */ = {isa = PBXBuildFile; fileRef = 47488AFA1FCECD0900E992FC /* SubClass.m */; };
		475B6E341FD4DEF8004F8696 /* MutableThreadNotifyViewController.m in Sources */ = {isa = PBXBuildFile; fileRef = 475B6E331FD4DEF8004F8696 /* MutableThreadNotifyViewController.m */; };
		475B6E371FD4E12E004F8696 /* MutableThreadNotifySolutionViewController.m in Sources */ = {isa = PBXBuildFile; fileRef = 475B6E361FD4E12E004F8696 /* MutableThreadNotifySolutionViewController.m */; };
		4776160F1FAAAD4700396099 /* MutableDelegate.m in Sources */ = {isa = PBXBuildFile; fileRef = 4776160E1FAAAD4700396099 /* MutableDelegate.m */; };
		477616141FAAB50900396099 /* NSObject+KVO.m in Sources */ = {isa = PBXBuildFile; fileRef = 477616131FAAB50900396099 /* NSObject+KVO.m */; };
		477616191FAAFA4400396099 /* Algorithm.m in Sources */ = {isa = PBXBuildFile; fileRef = 477616181FAAFA4400396099 /* Algorithm.m */; };
		4789114F1FBAE80200819507 /* Transaction.m in Sources */ = {isa = PBXBuildFile; fileRef = 4789114E1FBAE80200819507 /* Transaction.m */; };
		4789115D1FBC37F700819507 /* RunloopTableViewController.m in Sources */ = {isa = PBXBuildFile; fileRef = 4789115C1FBC37F700819507 /* RunloopTableViewController.m */; };
		47F795171FA711B40031E93B /* GCDTest.m in Sources */ = {isa = PBXBuildFile; fileRef = 47F795161FA711B40031E93B /* GCDTest.m */; };
		47F795671FA74F0F0031E93B /* RuntimeTest.m in Sources */ = {isa = PBXBuildFile; fileRef = 47F795661FA74F0F0031E93B /* RuntimeTest.m */; };
		47F7956A1FA7618F0031E93B /* Class1.m in Sources */ = {isa = PBXBuildFile; fileRef = 47F795691FA7618F0031E93B /* Class1.m */; };
		47F7956D1FA7619B0031E93B /* Class2.m in Sources */ = {isa = PBXBuildFile; fileRef = 47F7956C1FA7619B0031E93B /* Class2.m */; };
		47F795701FA76A080031E93B /* Class3.m in Sources */ = {isa = PBXBuildFile; fileRef = 47F7956F1FA76A080031E93B /* Class3.m */; };
		47F795781FA809F30031E93B /* LRUCacheStrategy.m in Sources */ = {isa = PBXBuildFile; fileRef = 47F795771FA809F30031E93B /* LRUCacheStrategy.m */; };
		509A40A1C1B1B6ACEBBC4781 /* Pods________UITests.framework in Frameworks */ = {isa = PBXBuildFile; fileRef = E2AC1882FE272C3F6949960D /* Pods________UITests.framework */; };
		8142FCBC430155A21BECF9C7 /* Pods________.framework in Frameworks */ = {isa = PBXBuildFile; fileRef = 205EF605B9F54A02CACCC1F0 /* Pods________.framework */; };
/* End PBXBuildFile section */

/* Begin PBXContainerItemProxy section */
		472C9EB61FA583E7005481C9 /* PBXContainerItemProxy */ = {
			isa = PBXContainerItemProxy;
			containerPortal = 472C9E951FA583E6005481C9 /* Project object */;
			proxyType = 1;
			remoteGlobalIDString = 472C9E9C1FA583E6005481C9;
			remoteInfo = "知识点验证合集";
		};
		472C9EC11FA583E7005481C9 /* PBXContainerItemProxy */ = {
			isa = PBXContainerItemProxy;
			containerPortal = 472C9E951FA583E6005481C9 /* Project object */;
			proxyType = 1;
			remoteGlobalIDString = 472C9E9C1FA583E6005481C9;
			remoteInfo = "知识点验证合集";
		};
/* End PBXContainerItemProxy section */

/* Begin PBXFileReference section */
		064AB5745159A14C3533CE84 /* Pods-知识点验证合集.debug.xcconfig */ = {isa = PBXFileReference; includeInIndex = 1; lastKnownFileType = text.xcconfig; name = "Pods-知识点验证合集.debug.xcconfig"; path = "Pods/Target Support Files/Pods-知识点验证合集/Pods-知识点验证合集.debug.xcconfig"; sourceTree = "<group>"; };
		205EF605B9F54A02CACCC1F0 /* Pods________.framework */ = {isa = PBXFileReference; explicitFileType = wrapper.framework; includeInIndex = 0; path = "Pods________.framework"; sourceTree = BUILT_PRODUCTS_DIR; };
		207B4F82247D94E1030B532A /* Pods________Tests.framework */ = {isa = PBXFileReference; explicitFileType = wrapper.framework; includeInIndex = 0; path = "Pods________Tests.framework"; sourceTree = BUILT_PRODUCTS_DIR; };
		472054C81FAB0B6A00AD2A76 /* UploadImgJsonOperation.h */ = {isa = PBXFileReference; lastKnownFileType = sourcecode.c.h; path = UploadImgJsonOperation.h; sourceTree = "<group>"; };
		472054C91FAB0B6A00AD2A76 /* UploadImgJsonOperation.m */ = {isa = PBXFileReference; lastKnownFileType = sourcecode.c.objc; path = UploadImgJsonOperation.m; sourceTree = "<group>"; };
		472054CB1FAB12A100AD2A76 /* Operation.md */ = {isa = PBXFileReference; lastKnownFileType = net.daringfireball.markdown; path = Operation.md; sourceTree = "<group>"; };
		472C9E9D1FA583E6005481C9 /* 知识点验证合集.app */ = {isa = PBXFileReference; explicitFileType = wrapper.application; includeInIndex = 0; path = "知识点验证合集.app"; sourceTree = BUILT_PRODUCTS_DIR; };
		472C9EA01FA583E6005481C9 /* AppDelegate.h */ = {isa = PBXFileReference; lastKnownFileType = sourcecode.c.h; path = AppDelegate.h; sourceTree = "<group>"; };
		472C9EA11FA583E6005481C9 /* AppDelegate.m */ = {isa = PBXFileReference; lastKnownFileType = sourcecode.c.objc; path = AppDelegate.m; sourceTree = "<group>"; };
		472C9EA31FA583E6005481C9 /* ViewController.h */ = {isa = PBXFileReference; lastKnownFileType = sourcecode.c.h; path = ViewController.h; sourceTree = "<group>"; };
		472C9EA41FA583E6005481C9 /* ViewController.m */ = {isa = PBXFileReference; lastKnownFileType = sourcecode.c.objc; path = ViewController.m; sourceTree = "<group>"; };
		472C9EA71FA583E6005481C9 /* Base */ = {isa = PBXFileReference; lastKnownFileType = file.storyboard; name = Base; path = Base.lproj/Main.storyboard; sourceTree = "<group>"; };
		472C9EA91FA583E6005481C9 /* Assets.xcassets */ = {isa = PBXFileReference; lastKnownFileType = folder.assetcatalog; path = Assets.xcassets; sourceTree = "<group>"; };
		472C9EAC1FA583E6005481C9 /* Base */ = {isa = PBXFileReference; lastKnownFileType = file.storyboard; name = Base; path = Base.lproj/LaunchScreen.storyboard; sourceTree = "<group>"; };
		472C9EAE1FA583E6005481C9 /* Info.plist */ = {isa = PBXFileReference; lastKnownFileType = text.plist.xml; path = Info.plist; sourceTree = "<group>"; };
		472C9EAF1FA583E6005481C9 /* main.m */ = {isa = PBXFileReference; lastKnownFileType = sourcecode.c.objc; path = main.m; sourceTree = "<group>"; };
		472C9EB51FA583E7005481C9 /* 知识点验证合集Tests.xctest */ = {isa = PBXFileReference; explicitFileType = wrapper.cfbundle; includeInIndex = 0; path = "知识点验证合集Tests.xctest"; sourceTree = BUILT_PRODUCTS_DIR; };
		472C9EBB1FA583E7005481C9 /* Info.plist */ = {isa = PBXFileReference; lastKnownFileType = text.plist.xml; path = Info.plist; sourceTree = "<group>"; };
		472C9EC01FA583E7005481C9 /* 知识点验证合集UITests.xctest */ = {isa = PBXFileReference; explicitFileType = wrapper.cfbundle; includeInIndex = 0; path = "知识点验证合集UITests.xctest"; sourceTree = BUILT_PRODUCTS_DIR; };
		472C9EC41FA583E7005481C9 /* _______UITests.m */ = {isa = PBXFileReference; lastKnownFileType = sourcecode.c.objc; path = "_______UITests.m"; sourceTree = "<group>"; };
		472C9EC61FA583E7005481C9 /* Info.plist */ = {isa = PBXFileReference; lastKnownFileType = text.plist.xml; path = Info.plist; sourceTree = "<group>"; };
		472C9ED21FA583F3005481C9 /* Person.h */ = {isa = PBXFileReference; fileEncoding = 4; lastKnownFileType = sourcecode.c.h; path = Person.h; sourceTree = "<group>"; };
		472C9ED31FA583F3005481C9 /* Person.m */ = {isa = PBXFileReference; fileEncoding = 4; lastKnownFileType = sourcecode.c.objc; path = Person.m; sourceTree = "<group>"; };
		472C9ED51FA58447005481C9 /* Tips.md */ = {isa = PBXFileReference; lastKnownFileType = net.daringfireball.markdown; path = Tips.md; sourceTree = "<group>"; };
		472C9ED61FA586AA005481C9 /* KVCTest.m */ = {isa = PBXFileReference; lastKnownFileType = sourcecode.c.objc; path = KVCTest.m; sourceTree = "<group>"; };
		472C9ED81FA586B6005481C9 /* KVOTest.m */ = {isa = PBXFileReference; lastKnownFileType = sourcecode.c.objc; path = KVOTest.m; sourceTree = "<group>"; };
		472C9EDA1FA586BF005481C9 /* KVVTest.m */ = {isa = PBXFileReference; lastKnownFileType = sourcecode.c.objc; path = KVVTest.m; sourceTree = "<group>"; };
		47488A3D1FCE5C4D00E992FC /* AFNTest.m */ = {isa = PBXFileReference; lastKnownFileType = sourcecode.c.objc; path = AFNTest.m; sourceTree = "<group>"; };
		47488AF31FCECC4E00E992FC /* DynamicChangeMethodViewController.h */ = {isa = PBXFileReference; lastKnownFileType = sourcecode.c.h; path = DynamicChangeMethodViewController.h; sourceTree = "<group>"; };
		47488AF41FCECC4E00E992FC /* DynamicChangeMethodViewController.m */ = {isa = PBXFileReference; lastKnownFileType = sourcecode.c.objc; path = DynamicChangeMethodViewController.m; sourceTree = "<group>"; };
		47488AF61FCECC9600E992FC /* NSObject+Hook.h */ = {isa = PBXFileReference; lastKnownFileType = sourcecode.c.h; path = "NSObject+Hook.h"; sourceTree = "<group>"; };
		47488AF71FCECC9600E992FC /* NSObject+Hook.m */ = {isa = PBXFileReference; lastKnownFileType = sourcecode.c.objc; path = "NSObject+Hook.m"; sourceTree = "<group>"; };
		47488AF91FCECD0900E992FC /* SubClass.h */ = {isa = PBXFileReference; lastKnownFileType = sourcecode.c.h; path = SubClass.h; sourceTree = "<group>"; };
		47488AFA1FCECD0900E992FC /* SubClass.m */ = {isa = PBXFileReference; lastKnownFileType = sourcecode.c.objc; path = SubClass.m; sourceTree = "<group>"; };
		475B6E321FD4DEF8004F8696 /* MutableThreadNotifyViewController.h */ = {isa = PBXFileReference; lastKnownFileType = sourcecode.c.h; path = MutableThreadNotifyViewController.h; sourceTree = "<group>"; };
		475B6E331FD4DEF8004F8696 /* MutableThreadNotifyViewController.m */ = {isa = PBXFileReference; lastKnownFileType = sourcecode.c.objc; path = MutableThreadNotifyViewController.m; sourceTree = "<group>"; };
		475B6E351FD4E12E004F8696 /* MutableThreadNotifySolutionViewController.h */ = {isa = PBXFileReference; lastKnownFileType = sourcecode.c.h; path = MutableThreadNotifySolutionViewController.h; sourceTree = "<group>"; };
		475B6E361FD4E12E004F8696 /* MutableThreadNotifySolutionViewController.m */ = {isa = PBXFileReference; lastKnownFileType = sourcecode.c.objc; path = MutableThreadNotifySolutionViewController.m; sourceTree = "<group>"; };
		4776160D1FAAAD4700396099 /* MutableDelegate.h */ = {isa = PBXFileReference; lastKnownFileType = sourcecode.c.h; path = MutableDelegate.h; sourceTree = "<group>"; };
		4776160E1FAAAD4700396099 /* MutableDelegate.m */ = {isa = PBXFileReference; lastKnownFileType = sourcecode.c.objc; path = MutableDelegate.m; sourceTree = "<group>"; };
		477616101FAAB4E000396099 /* 多重代码.md */ = {isa = PBXFileReference; lastKnownFileType = net.daringfireball.markdown; path = "多重代码.md"; sourceTree = "<group>"; };
		477616121FAAB50900396099 /* NSObject+KVO.h */ = {isa = PBXFileReference; lastKnownFileType = sourcecode.c.h; path = "NSObject+KVO.h"; sourceTree = "<group>"; };
		477616131FAAB50900396099 /* NSObject+KVO.m */ = {isa = PBXFileReference; lastKnownFileType = sourcecode.c.objc; path = "NSObject+KVO.m"; sourceTree = "<group>"; };
		477616151FAAE9C800396099 /* 自己实现 KVO.md */ = {isa = PBXFileReference; lastKnownFileType = net.daringfireball.markdown; path = "自己实现 KVO.md"; sourceTree = "<group>"; };
		477616171FAAFA4400396099 /* Algorithm.h */ = {isa = PBXFileReference; lastKnownFileType = sourcecode.c.h; path = Algorithm.h; sourceTree = "<group>"; };
		477616181FAAFA4400396099 /* Algorithm.m */ = {isa = PBXFileReference; lastKnownFileType = sourcecode.c.objc; path = Algorithm.m; sourceTree = "<group>"; };
		4789114D1FBAE80200819507 /* Transaction.h */ = {isa = PBXFileReference; lastKnownFileType = sourcecode.c.h; path = Transaction.h; sourceTree = "<group>"; };
		4789114E1FBAE80200819507 /* Transaction.m */ = {isa = PBXFileReference; lastKnownFileType = sourcecode.c.objc; path = Transaction.m; sourceTree = "<group>"; };
		4789115B1FBC37F700819507 /* RunloopTableViewController.h */ = {isa = PBXFileReference; lastKnownFileType = sourcecode.c.h; path = RunloopTableViewController.h; sourceTree = "<group>"; };
		4789115C1FBC37F700819507 /* RunloopTableViewController.m */ = {isa = PBXFileReference; lastKnownFileType = sourcecode.c.objc; path = RunloopTableViewController.m; sourceTree = "<group>"; };
		47F795161FA711B40031E93B /* GCDTest.m */ = {isa = PBXFileReference; lastKnownFileType = sourcecode.c.objc; path = GCDTest.m; sourceTree = "<group>"; };
		47F795661FA74F0F0031E93B /* RuntimeTest.m */ = {isa = PBXFileReference; lastKnownFileType = sourcecode.c.objc; path = RuntimeTest.m; sourceTree = "<group>"; };
		47F795681FA7618F0031E93B /* Class1.h */ = {isa = PBXFileReference; lastKnownFileType = sourcecode.c.h; path = Class1.h; sourceTree = "<group>"; };
		47F795691FA7618F0031E93B /* Class1.m */ = {isa = PBXFileReference; lastKnownFileType = sourcecode.c.objc; path = Class1.m; sourceTree = "<group>"; };
		47F7956B1FA7619B0031E93B /* Class2.h */ = {isa = PBXFileReference; lastKnownFileType = sourcecode.c.h; path = Class2.h; sourceTree = "<group>"; };
		47F7956C1FA7619B0031E93B /* Class2.m */ = {isa = PBXFileReference; lastKnownFileType = sourcecode.c.objc; path = Class2.m; sourceTree = "<group>"; };
		47F7956E1FA76A080031E93B /* Class3.h */ = {isa = PBXFileReference; lastKnownFileType = sourcecode.c.h; path = Class3.h; sourceTree = "<group>"; };
		47F7956F1FA76A080031E93B /* Class3.m */ = {isa = PBXFileReference; lastKnownFileType = sourcecode.c.objc; path = Class3.m; sourceTree = "<group>"; };
		47F795761FA809F30031E93B /* LRUCacheStrategy.h */ = {isa = PBXFileReference; lastKnownFileType = sourcecode.c.h; path = LRUCacheStrategy.h; sourceTree = "<group>"; };
		47F795771FA809F30031E93B /* LRUCacheStrategy.m */ = {isa = PBXFileReference; lastKnownFileType = sourcecode.c.objc; path = LRUCacheStrategy.m; sourceTree = "<group>"; };
		47F9D07C1FD9053900376D50 /* NSNotification 多线程问题.md */ = {isa = PBXFileReference; lastKnownFileType = net.daringfireball.markdown; path = "NSNotification 多线程问题.md"; sourceTree = "<group>"; };
		7205A4101C3EEF071468003F /* Pods-知识点验证合集.release.xcconfig */ = {isa = PBXFileReference; includeInIndex = 1; lastKnownFileType = text.xcconfig; name = "Pods-知识点验证合集.release.xcconfig"; path = "Pods/Target Support Files/Pods-知识点验证合集/Pods-知识点验证合集.release.xcconfig"; sourceTree = "<group>"; };
		8897BFC84EC04006FC468972 /* Pods-知识点验证合集Tests.release.xcconfig */ = {isa = PBXFileReference; includeInIndex = 1; lastKnownFileType = text.xcconfig; name = "Pods-知识点验证合集Tests.release.xcconfig"; path = "Pods/Target Support Files/Pods-知识点验证合集Tests/Pods-知识点验证合集Tests.release.xcconfig"; sourceTree = "<group>"; };
		A162103AE178A24B49B35EF1 /* Pods-知识点验证合集UITests.release.xcconfig */ = {isa = PBXFileReference; includeInIndex = 1; lastKnownFileType = text.xcconfig; name = "Pods-知识点验证合集UITests.release.xcconfig"; path = "Pods/Target Support Files/Pods-知识点验证合集UITests/Pods-知识点验证合集UITests.release.xcconfig"; sourceTree = "<group>"; };
		AF4CFD453E9B819EBA09EF5D /* Pods-知识点验证合集UITests.debug.xcconfig */ = {isa = PBXFileReference; includeInIndex = 1; lastKnownFileType = text.xcconfig; name = "Pods-知识点验证合集UITests.debug.xcconfig"; path = "Pods/Target Support Files/Pods-知识点验证合集UITests/Pods-知识点验证合集UITests.debug.xcconfig"; sourceTree = "<group>"; };
		BC071C4E632D508C0618F84E /* Pods-知识点验证合集Tests.debug.xcconfig */ = {isa = PBXFileReference; includeInIndex = 1; lastKnownFileType = text.xcconfig; name = "Pods-知识点验证合集Tests.debug.xcconfig"; path = "Pods/Target Support Files/Pods-知识点验证合集Tests/Pods-知识点验证合集Tests.debug.xcconfig"; sourceTree = "<group>"; };
		E2AC1882FE272C3F6949960D /* Pods________UITests.framework */ = {isa = PBXFileReference; explicitFileType = wrapper.framework; includeInIndex = 0; path = "Pods________UITests.framework"; sourceTree = BUILT_PRODUCTS_DIR; };
/* End PBXFileReference section */

/* Begin PBXFrameworksBuildPhase section */
		472C9E9A1FA583E6005481C9 /* Frameworks */ = {
			isa = PBXFrameworksBuildPhase;
			buildActionMask = 2147483647;
			files = (
				8142FCBC430155A21BECF9C7 /* Pods________.framework in Frameworks */,
			);
			runOnlyForDeploymentPostprocessing = 0;
		};
		472C9EB21FA583E7005481C9 /* Frameworks */ = {
			isa = PBXFrameworksBuildPhase;
			buildActionMask = 2147483647;
			files = (
				1A3819A25DB0776CB5C57E3F /* Pods________Tests.framework in Frameworks */,
			);
			runOnlyForDeploymentPostprocessing = 0;
		};
		472C9EBD1FA583E7005481C9 /* Frameworks */ = {
			isa = PBXFrameworksBuildPhase;
			buildActionMask = 2147483647;
			files = (
				509A40A1C1B1B6ACEBBC4781 /* Pods________UITests.framework in Frameworks */,
			);
			runOnlyForDeploymentPostprocessing = 0;
		};
/* End PBXFrameworksBuildPhase section */

/* Begin PBXGroup section */
		472054C71FAB0B3900AD2A76 /* NSOperation */ = {
			isa = PBXGroup;
			children = (
				472054C81FAB0B6A00AD2A76 /* UploadImgJsonOperation.h */,
				472054C91FAB0B6A00AD2A76 /* UploadImgJsonOperation.m */,
				472054CB1FAB12A100AD2A76 /* Operation.md */,
			);
			path = NSOperation;
			sourceTree = "<group>";
		};
		472C9E941FA583E6005481C9 = {
			isa = PBXGroup;
			children = (
				472C9E9F1FA583E6005481C9 /* 知识点验证合集 */,
				472C9EB81FA583E7005481C9 /* 知识点验证合集Tests */,
				472C9EC31FA583E7005481C9 /* 知识点验证合集UITests */,
				472C9E9E1FA583E6005481C9 /* Products */,
				8AEE0A2DC40561ADAF5A58CC /* Pods */,
				F8514B3A7DEF4752BC5C8DE1 /* Frameworks */,
			);
			sourceTree = "<group>";
		};
		472C9E9E1FA583E6005481C9 /* Products */ = {
			isa = PBXGroup;
			children = (
				472C9E9D1FA583E6005481C9 /* 知识点验证合集.app */,
				472C9EB51FA583E7005481C9 /* 知识点验证合集Tests.xctest */,
				472C9EC01FA583E7005481C9 /* 知识点验证合集UITests.xctest */,
			);
			name = Products;
			sourceTree = "<group>";
		};
		472C9E9F1FA583E6005481C9 /* 知识点验证合集 */ = {
			isa = PBXGroup;
			children = (
				475B6E311FD4DEB3004F8696 /* NSNotification */,
				47488AF21FCECC2E00E992FC /* 动态替换实例方法 */,
				4789114C1FBAE7D300819507 /* RunLoop */,
				472054C71FAB0B3900AD2A76 /* NSOperation */,
				477616161FAAFA2600396099 /* Algorithm */,
				477616111FAAB4EE00396099 /* CustomerKVO */,
				4776160C1FAAAC2500396099 /* MutableDelegate */,
				47F795721FA8083F0031E93B /* Models */,
				47F795711FA808350031E93B /* LRU */,
				472C9EA01FA583E6005481C9 /* AppDelegate.h */,
				472C9EA11FA583E6005481C9 /* AppDelegate.m */,
				472C9EA31FA583E6005481C9 /* ViewController.h */,
				472C9EA41FA583E6005481C9 /* ViewController.m */,
				472C9EA61FA583E6005481C9 /* Main.storyboard */,
				472C9EA91FA583E6005481C9 /* Assets.xcassets */,
				472C9EAB1FA583E6005481C9 /* LaunchScreen.storyboard */,
				472C9EAE1FA583E6005481C9 /* Info.plist */,
				472C9EAF1FA583E6005481C9 /* main.m */,
				472C9ED51FA58447005481C9 /* Tips.md */,
			);
			path = "知识点验证合集";
			sourceTree = "<group>";
		};
		472C9EB81FA583E7005481C9 /* 知识点验证合集Tests */ = {
			isa = PBXGroup;
			children = (
				47F795161FA711B40031E93B /* GCDTest.m */,
				472C9ED81FA586B6005481C9 /* KVOTest.m */,
				472C9ED61FA586AA005481C9 /* KVCTest.m */,
				47F795661FA74F0F0031E93B /* RuntimeTest.m */,
				472C9EDA1FA586BF005481C9 /* KVVTest.m */,
				47488A3D1FCE5C4D00E992FC /* AFNTest.m */,
				472C9EBB1FA583E7005481C9 /* Info.plist */,
			);
			path = "知识点验证合集Tests";
			sourceTree = "<group>";
		};
		472C9EC31FA583E7005481C9 /* 知识点验证合集UITests */ = {
			isa = PBXGroup;
			children = (
				472C9EC41FA583E7005481C9 /* _______UITests.m */,
				472C9EC61FA583E7005481C9 /* Info.plist */,
			);
			path = "知识点验证合集UITests";
			sourceTree = "<group>";
		};
		47488AF21FCECC2E00E992FC /* 动态替换实例方法 */ = {
			isa = PBXGroup;
			children = (
				47488AF31FCECC4E00E992FC /* DynamicChangeMethodViewController.h */,
				47488AF41FCECC4E00E992FC /* DynamicChangeMethodViewController.m */,
				47488AF91FCECD0900E992FC /* SubClass.h */,
				47488AFA1FCECD0900E992FC /* SubClass.m */,
				47488AF61FCECC9600E992FC /* NSObject+Hook.h */,
				47488AF71FCECC9600E992FC /* NSObject+Hook.m */,
			);
			path = "动态替换实例方法";
			sourceTree = "<group>";
		};
		475B6E311FD4DEB3004F8696 /* NSNotification */ = {
			isa = PBXGroup;
			children = (
				475B6E321FD4DEF8004F8696 /* MutableThreadNotifyViewController.h */,
				475B6E331FD4DEF8004F8696 /* MutableThreadNotifyViewController.m */,
				475B6E351FD4E12E004F8696 /* MutableThreadNotifySolutionViewController.h */,
				475B6E361FD4E12E004F8696 /* MutableThreadNotifySolutionViewController.m */,
				47F9D07C1FD9053900376D50 /* NSNotification 多线程问题.md */,
			);
			path = NSNotification;
			sourceTree = "<group>";
		};
		4776160C1FAAAC2500396099 /* MutableDelegate */ = {
			isa = PBXGroup;
			children = (
				4776160D1FAAAD4700396099 /* MutableDelegate.h */,
				4776160E1FAAAD4700396099 /* MutableDelegate.m */,
				477616101FAAB4E000396099 /* 多重代码.md */,
			);
			path = MutableDelegate;
			sourceTree = "<group>";
		};
		477616111FAAB4EE00396099 /* CustomerKVO */ = {
			isa = PBXGroup;
			children = (
				477616121FAAB50900396099 /* NSObject+KVO.h */,
				477616131FAAB50900396099 /* NSObject+KVO.m */,
				477616151FAAE9C800396099 /* 自己实现 KVO.md */,
			);
			path = CustomerKVO;
			sourceTree = "<group>";
		};
		477616161FAAFA2600396099 /* Algorithm */ = {
			isa = PBXGroup;
			children = (
				477616171FAAFA4400396099 /* Algorithm.h */,
				477616181FAAFA4400396099 /* Algorithm.m */,
			);
			path = Algorithm;
			sourceTree = "<group>";
		};
		4789114C1FBAE7D300819507 /* RunLoop */ = {
			isa = PBXGroup;
			children = (
				4789114D1FBAE80200819507 /* Transaction.h */,
				4789114E1FBAE80200819507 /* Transaction.m */,
				4789115B1FBC37F700819507 /* RunloopTableViewController.h */,
				4789115C1FBC37F700819507 /* RunloopTableViewController.m */,
			);
			path = RunLoop;
			sourceTree = "<group>";
		};
		47F795711FA808350031E93B /* LRU */ = {
			isa = PBXGroup;
			children = (
				47F795761FA809F30031E93B /* LRUCacheStrategy.h */,
				47F795771FA809F30031E93B /* LRUCacheStrategy.m */,
			);
			path = LRU;
			sourceTree = "<group>";
		};
		47F795721FA8083F0031E93B /* Models */ = {
			isa = PBXGroup;
			children = (
				472C9ED21FA583F3005481C9 /* Person.h */,
				472C9ED31FA583F3005481C9 /* Person.m */,
				47F795681FA7618F0031E93B /* Class1.h */,
				47F795691FA7618F0031E93B /* Class1.m */,
				47F7956B1FA7619B0031E93B /* Class2.h */,
				47F7956C1FA7619B0031E93B /* Class2.m */,
				47F7956E1FA76A080031E93B /* Class3.h */,
				47F7956F1FA76A080031E93B /* Class3.m */,
			);
			path = Models;
			sourceTree = "<group>";
		};
		8AEE0A2DC40561ADAF5A58CC /* Pods */ = {
			isa = PBXGroup;
			children = (
				064AB5745159A14C3533CE84 /* Pods-知识点验证合集.debug.xcconfig */,
				7205A4101C3EEF071468003F /* Pods-知识点验证合集.release.xcconfig */,
				BC071C4E632D508C0618F84E /* Pods-知识点验证合集Tests.debug.xcconfig */,
				8897BFC84EC04006FC468972 /* Pods-知识点验证合集Tests.release.xcconfig */,
				AF4CFD453E9B819EBA09EF5D /* Pods-知识点验证合集UITests.debug.xcconfig */,
				A162103AE178A24B49B35EF1 /* Pods-知识点验证合集UITests.release.xcconfig */,
			);
			name = Pods;
			sourceTree = "<group>";
		};
		F8514B3A7DEF4752BC5C8DE1 /* Frameworks */ = {
			isa = PBXGroup;
			children = (
				205EF605B9F54A02CACCC1F0 /* Pods________.framework */,
				207B4F82247D94E1030B532A /* Pods________Tests.framework */,
				E2AC1882FE272C3F6949960D /* Pods________UITests.framework */,
			);
			name = Frameworks;
			sourceTree = "<group>";
		};
/* End PBXGroup section */

/* Begin PBXNativeTarget section */
		472C9E9C1FA583E6005481C9 /* 知识点验证合集 */ = {
			isa = PBXNativeTarget;
			buildConfigurationList = 472C9EC91FA583E7005481C9 /* Build configuration list for PBXNativeTarget "知识点验证合集" */;
			buildPhases = (
				D2A26BC74D523E167ED36985 /* [CP] Check Pods Manifest.lock */,
				472C9E991FA583E6005481C9 /* Sources */,
				472C9E9A1FA583E6005481C9 /* Frameworks */,
				472C9E9B1FA583E6005481C9 /* Resources */,
				CB20CF5C6BD4296B0F4C23C2 /* [CP] Embed Pods Frameworks */,
				C9355C26BB3B030F8CA4A79C /* [CP] Copy Pods Resources */,
			);
			buildRules = (
			);
			dependencies = (
			);
			name = "知识点验证合集";
			productName = "知识点验证合集";
			productReference = 472C9E9D1FA583E6005481C9 /* 知识点验证合集.app */;
			productType = "com.apple.product-type.application";
		};
		472C9EB41FA583E7005481C9 /* 知识点验证合集Tests */ = {
			isa = PBXNativeTarget;
			buildConfigurationList = 472C9ECC1FA583E7005481C9 /* Build configuration list for PBXNativeTarget "知识点验证合集Tests" */;
			buildPhases = (
				F882582605C8DBC8762F78C2 /* [CP] Check Pods Manifest.lock */,
				472C9EB11FA583E7005481C9 /* Sources */,
				472C9EB21FA583E7005481C9 /* Frameworks */,
				472C9EB31FA583E7005481C9 /* Resources */,
				E6C5C9FE22FEF0F7629907A6 /* [CP] Embed Pods Frameworks */,
				C96CF9CD81BDAF6C0CB24411 /* [CP] Copy Pods Resources */,
			);
			buildRules = (
			);
			dependencies = (
				472C9EB71FA583E7005481C9 /* PBXTargetDependency */,
			);
			name = "知识点验证合集Tests";
			productName = "知识点验证合集Tests";
			productReference = 472C9EB51FA583E7005481C9 /* 知识点验证合集Tests.xctest */;
			productType = "com.apple.product-type.bundle.unit-test";
		};
		472C9EBF1FA583E7005481C9 /* 知识点验证合集UITests */ = {
			isa = PBXNativeTarget;
			buildConfigurationList = 472C9ECF1FA583E7005481C9 /* Build configuration list for PBXNativeTarget "知识点验证合集UITests" */;
			buildPhases = (
				D0826D4CB78CED55ACAC9A2F /* [CP] Check Pods Manifest.lock */,
				472C9EBC1FA583E7005481C9 /* Sources */,
				472C9EBD1FA583E7005481C9 /* Frameworks */,
				472C9EBE1FA583E7005481C9 /* Resources */,
				A710B201DFEA8C053484208C /* [CP] Embed Pods Frameworks */,
				70D01E5E6CFD66E4F670F8AC /* [CP] Copy Pods Resources */,
			);
			buildRules = (
			);
			dependencies = (
				472C9EC21FA583E7005481C9 /* PBXTargetDependency */,
			);
			name = "知识点验证合集UITests";
			productName = "知识点验证合集UITests";
			productReference = 472C9EC01FA583E7005481C9 /* 知识点验证合集UITests.xctest */;
			productType = "com.apple.product-type.bundle.ui-testing";
		};
/* End PBXNativeTarget section */

/* Begin PBXProject section */
		472C9E951FA583E6005481C9 /* Project object */ = {
			isa = PBXProject;
			attributes = {
				LastUpgradeCheck = 0900;
				ORGANIZATIONNAME = "X-Liang";
				TargetAttributes = {
					472C9E9C1FA583E6005481C9 = {
						CreatedOnToolsVersion = 9.0.1;
						ProvisioningStyle = Automatic;
					};
					472C9EB41FA583E7005481C9 = {
						CreatedOnToolsVersion = 9.0.1;
						ProvisioningStyle = Automatic;
						TestTargetID = 472C9E9C1FA583E6005481C9;
					};
					472C9EBF1FA583E7005481C9 = {
						CreatedOnToolsVersion = 9.0.1;
						ProvisioningStyle = Automatic;
						TestTargetID = 472C9E9C1FA583E6005481C9;
					};
				};
			};
			buildConfigurationList = 472C9E981FA583E6005481C9 /* Build configuration list for PBXProject "知识点验证合集" */;
			compatibilityVersion = "Xcode 8.0";
			developmentRegion = en;
			hasScannedForEncodings = 0;
			knownRegions = (
				en,
				Base,
			);
			mainGroup = 472C9E941FA583E6005481C9;
			productRefGroup = 472C9E9E1FA583E6005481C9 /* Products */;
			projectDirPath = "";
			projectRoot = "";
			targets = (
				472C9E9C1FA583E6005481C9 /* 知识点验证合集 */,
				472C9EB41FA583E7005481C9 /* 知识点验证合集Tests */,
				472C9EBF1FA583E7005481C9 /* 知识点验证合集UITests */,
			);
		};
/* End PBXProject section */

/* Begin PBXResourcesBuildPhase section */
		472C9E9B1FA583E6005481C9 /* Resources */ = {
			isa = PBXResourcesBuildPhase;
			buildActionMask = 2147483647;
			files = (
				472C9EAD1FA583E6005481C9 /* LaunchScreen.storyboard in Resources */,
				472C9EAA1FA583E6005481C9 /* Assets.xcassets in Resources */,
				472C9EA81FA583E6005481C9 /* Main.storyboard in Resources */,
			);
			runOnlyForDeploymentPostprocessing = 0;
		};
		472C9EB31FA583E7005481C9 /* Resources */ = {
			isa = PBXResourcesBuildPhase;
			buildActionMask = 2147483647;
			files = (
			);
			runOnlyForDeploymentPostprocessing = 0;
		};
		472C9EBE1FA583E7005481C9 /* Resources */ = {
			isa = PBXResourcesBuildPhase;
			buildActionMask = 2147483647;
			files = (
			);
			runOnlyForDeploymentPostprocessing = 0;
		};
/* End PBXResourcesBuildPhase section */

/* Begin PBXShellScriptBuildPhase section */
		70D01E5E6CFD66E4F670F8AC /* [CP] Copy Pods Resources */ = {
			isa = PBXShellScriptBuildPhase;
			buildActionMask = 2147483647;
			files = (
			);
			inputPaths = (
			);
			name = "[CP] Copy Pods Resources";
			outputPaths = (
			);
			runOnlyForDeploymentPostprocessing = 0;
			shellPath = /bin/sh;
			shellScript = "\"${SRCROOT}/Pods/Target Support Files/Pods-知识点验证合集UITests/Pods-知识点验证合集UITests-resources.sh\"\n";
			showEnvVarsInLog = 0;
		};
		A710B201DFEA8C053484208C /* [CP] Embed Pods Frameworks */ = {
			isa = PBXShellScriptBuildPhase;
			buildActionMask = 2147483647;
			files = (
			);
			inputPaths = (
				"${SRCROOT}/Pods/Target Support Files/Pods-知识点验证合集UITests/Pods-知识点验证合集UITests-frameworks.sh",
				"${BUILT_PRODUCTS_DIR}/AFNetworking/AFNetworking.framework",
				"${BUILT_PRODUCTS_DIR}/Aspects/Aspects.framework",
				"${BUILT_PRODUCTS_DIR}/SDWebImage/SDWebImage.framework",
			);
			name = "[CP] Embed Pods Frameworks";
			outputPaths = (
				"${TARGET_BUILD_DIR}/${FRAMEWORKS_FOLDER_PATH}/AFNetworking.framework",
				"${TARGET_BUILD_DIR}/${FRAMEWORKS_FOLDER_PATH}/Aspects.framework",
				"${TARGET_BUILD_DIR}/${FRAMEWORKS_FOLDER_PATH}/SDWebImage.framework",
			);
			runOnlyForDeploymentPostprocessing = 0;
			shellPath = /bin/sh;
			shellScript = "\"${SRCROOT}/Pods/Target Support Files/Pods-知识点验证合集UITests/Pods-知识点验证合集UITests-frameworks.sh\"\n";
			showEnvVarsInLog = 0;
		};
		C9355C26BB3B030F8CA4A79C /* [CP] Copy Pods Resources */ = {
			isa = PBXShellScriptBuildPhase;
			buildActionMask = 2147483647;
			files = (
			);
			inputPaths = (
			);
			name = "[CP] Copy Pods Resources";
			outputPaths = (
			);
			runOnlyForDeploymentPostprocessing = 0;
			shellPath = /bin/sh;
			shellScript = "\"${SRCROOT}/Pods/Target Support Files/Pods-知识点验证合集/Pods-知识点验证合集-resources.sh\"\n";
			showEnvVarsInLog = 0;
		};
		C96CF9CD81BDAF6C0CB24411 /* [CP] Copy Pods Resources */ = {
			isa = PBXShellScriptBuildPhase;
			buildActionMask = 2147483647;
			files = (
			);
			inputPaths = (
			);
			name = "[CP] Copy Pods Resources";
			outputPaths = (
			);
			runOnlyForDeploymentPostprocessing = 0;
			shellPath = /bin/sh;
			shellScript = "\"${SRCROOT}/Pods/Target Support Files/Pods-知识点验证合集Tests/Pods-知识点验证合集Tests-resources.sh\"\n";
			showEnvVarsInLog = 0;
		};
		CB20CF5C6BD4296B0F4C23C2 /* [CP] Embed Pods Frameworks */ = {
			isa = PBXShellScriptBuildPhase;
			buildActionMask = 2147483647;
			files = (
			);
			inputPaths = (
				"${SRCROOT}/Pods/Target Support Files/Pods-知识点验证合集/Pods-知识点验证合集-frameworks.sh",
				"${BUILT_PRODUCTS_DIR}/AFNetworking/AFNetworking.framework",
				"${BUILT_PRODUCTS_DIR}/Aspects/Aspects.framework",
				"${BUILT_PRODUCTS_DIR}/SDWebImage/SDWebImage.framework",
			);
			name = "[CP] Embed Pods Frameworks";
			outputPaths = (
				"${TARGET_BUILD_DIR}/${FRAMEWORKS_FOLDER_PATH}/AFNetworking.framework",
				"${TARGET_BUILD_DIR}/${FRAMEWORKS_FOLDER_PATH}/Aspects.framework",
				"${TARGET_BUILD_DIR}/${FRAMEWORKS_FOLDER_PATH}/SDWebImage.framework",
			);
			runOnlyForDeploymentPostprocessing = 0;
			shellPath = /bin/sh;
			shellScript = "\"${SRCROOT}/Pods/Target Support Files/Pods-知识点验证合集/Pods-知识点验证合集-frameworks.sh\"\n";
			showEnvVarsInLog = 0;
		};
		D0826D4CB78CED55ACAC9A2F /* [CP] Check Pods Manifest.lock */ = {
			isa = PBXShellScriptBuildPhase;
			buildActionMask = 2147483647;
			files = (
			);
			inputPaths = (
				"${PODS_PODFILE_DIR_PATH}/Podfile.lock",
				"${PODS_ROOT}/Manifest.lock",
			);
			name = "[CP] Check Pods Manifest.lock";
			outputPaths = (
				"$(DERIVED_FILE_DIR)/Pods-知识点验证合集UITests-checkManifestLockResult.txt",
			);
			runOnlyForDeploymentPostprocessing = 0;
			shellPath = /bin/sh;
			shellScript = "diff \"${PODS_PODFILE_DIR_PATH}/Podfile.lock\" \"${PODS_ROOT}/Manifest.lock\" > /dev/null\nif [ $? != 0 ] ; then\n    # print error to STDERR\n    echo \"error: The sandbox is not in sync with the Podfile.lock. Run 'pod install' or update your CocoaPods installation.\" >&2\n    exit 1\nfi\n# This output is used by Xcode 'outputs' to avoid re-running this script phase.\necho \"SUCCESS\" > \"${SCRIPT_OUTPUT_FILE_0}\"\n";
			showEnvVarsInLog = 0;
		};
		D2A26BC74D523E167ED36985 /* [CP] Check Pods Manifest.lock */ = {
			isa = PBXShellScriptBuildPhase;
			buildActionMask = 2147483647;
			files = (
			);
			inputPaths = (
				"${PODS_PODFILE_DIR_PATH}/Podfile.lock",
				"${PODS_ROOT}/Manifest.lock",
			);
			name = "[CP] Check Pods Manifest.lock";
			outputPaths = (
				"$(DERIVED_FILE_DIR)/Pods-知识点验证合集-checkManifestLockResult.txt",
			);
			runOnlyForDeploymentPostprocessing = 0;
			shellPath = /bin/sh;
			shellScript = "diff \"${PODS_PODFILE_DIR_PATH}/Podfile.lock\" \"${PODS_ROOT}/Manifest.lock\" > /dev/null\nif [ $? != 0 ] ; then\n    # print error to STDERR\n    echo \"error: The sandbox is not in sync with the Podfile.lock. Run 'pod install' or update your CocoaPods installation.\" >&2\n    exit 1\nfi\n# This output is used by Xcode 'outputs' to avoid re-running this script phase.\necho \"SUCCESS\" > \"${SCRIPT_OUTPUT_FILE_0}\"\n";
			showEnvVarsInLog = 0;
		};
		E6C5C9FE22FEF0F7629907A6 /* [CP] Embed Pods Frameworks */ = {
			isa = PBXShellScriptBuildPhase;
			buildActionMask = 2147483647;
			files = (
			);
			inputPaths = (
				"${SRCROOT}/Pods/Target Support Files/Pods-知识点验证合集Tests/Pods-知识点验证合集Tests-frameworks.sh",
				"${BUILT_PRODUCTS_DIR}/AFNetworking/AFNetworking.framework",
				"${BUILT_PRODUCTS_DIR}/Aspects/Aspects.framework",
				"${BUILT_PRODUCTS_DIR}/SDWebImage/SDWebImage.framework",
			);
			name = "[CP] Embed Pods Frameworks";
			outputPaths = (
				"${TARGET_BUILD_DIR}/${FRAMEWORKS_FOLDER_PATH}/AFNetworking.framework",
				"${TARGET_BUILD_DIR}/${FRAMEWORKS_FOLDER_PATH}/Aspects.framework",
				"${TARGET_BUILD_DIR}/${FRAMEWORKS_FOLDER_PATH}/SDWebImage.framework",
			);
			runOnlyForDeploymentPostprocessing = 0;
			shellPath = /bin/sh;
			shellScript = "\"${SRCROOT}/Pods/Target Support Files/Pods-知识点验证合集Tests/Pods-知识点验证合集Tests-frameworks.sh\"\n";
			showEnvVarsInLog = 0;
		};
		F882582605C8DBC8762F78C2 /* [CP] Check Pods Manifest.lock */ = {
			isa = PBXShellScriptBuildPhase;
			buildActionMask = 2147483647;
			files = (
			);
			inputPaths = (
				"${PODS_PODFILE_DIR_PATH}/Podfile.lock",
				"${PODS_ROOT}/Manifest.lock",
			);
			name = "[CP] Check Pods Manifest.lock";
			outputPaths = (
				"$(DERIVED_FILE_DIR)/Pods-知识点验证合集Tests-checkManifestLockResult.txt",
			);
			runOnlyForDeploymentPostprocessing = 0;
			shellPath = /bin/sh;
			shellScript = "diff \"${PODS_PODFILE_DIR_PATH}/Podfile.lock\" \"${PODS_ROOT}/Manifest.lock\" > /dev/null\nif [ $? != 0 ] ; then\n    # print error to STDERR\n    echo \"error: The sandbox is not in sync with the Podfile.lock. Run 'pod install' or update your CocoaPods installation.\" >&2\n    exit 1\nfi\n# This output is used by Xcode 'outputs' to avoid re-running this script phase.\necho \"SUCCESS\" > \"${SCRIPT_OUTPUT_FILE_0}\"\n";
			showEnvVarsInLog = 0;
		};
/* End PBXShellScriptBuildPhase section */

/* Begin PBXSourcesBuildPhase section */
		472C9E991FA583E6005481C9 /* Sources */ = {
			isa = PBXSourcesBuildPhase;
			buildActionMask = 2147483647;
			files = (
				475B6E341FD4DEF8004F8696 /* MutableThreadNotifyViewController.m in Sources */,
				47488AF51FCECC4E00E992FC /* DynamicChangeMethodViewController.m in Sources */,
				472C9EA51FA583E6005481C9 /* ViewController.m in Sources */,
				47F7956D1FA7619B0031E93B /* Class2.m in Sources */,
				4789114F1FBAE80200819507 /* Transaction.m in Sources */,
				477616141FAAB50900396099 /* NSObject+KVO.m in Sources */,
				477616191FAAFA4400396099 /* Algorithm.m in Sources */,
				472054CA1FAB0B6A00AD2A76 /* UploadImgJsonOperation.m in Sources */,
				472C9EB01FA583E6005481C9 /* main.m in Sources */,
				4789115D1FBC37F700819507 /* RunloopTableViewController.m in Sources */,
				472C9ED41FA583F3005481C9 /* Person.m in Sources */,
				47F7956A1FA7618F0031E93B /* Class1.m in Sources */,
				47F795701FA76A080031E93B /* Class3.m in Sources */,
				475B6E371FD4E12E004F8696 /* MutableThreadNotifySolutionViewController.m in Sources */,
				472C9EA21FA583E6005481C9 /* AppDelegate.m in Sources */,
				47F795781FA809F30031E93B /* LRUCacheStrategy.m in Sources */,
				47488AF81FCECC9600E992FC /* NSObject+Hook.m in Sources */,
				4776160F1FAAAD4700396099 /* MutableDelegate.m in Sources */,
				47488AFB1FCECD0900E992FC /* SubClass.m in Sources */,
			);
			runOnlyForDeploymentPostprocessing = 0;
		};
		472C9EB11FA583E7005481C9 /* Sources */ = {
			isa = PBXSourcesBuildPhase;
			buildActionMask = 2147483647;
			files = (
				472C9ED71FA586AA005481C9 /* KVCTest.m in Sources */,
				47488A3E1FCE5C4D00E992FC /* AFNTest.m in Sources */,
				47F795671FA74F0F0031E93B /* RuntimeTest.m in Sources */,
				472C9ED91FA586B6005481C9 /* KVOTest.m in Sources */,
				47F795171FA711B40031E93B /* GCDTest.m in Sources */,
				472C9EDB1FA586BF005481C9 /* KVVTest.m in Sources */,
			);
			runOnlyForDeploymentPostprocessing = 0;
		};
		472C9EBC1FA583E7005481C9 /* Sources */ = {
			isa = PBXSourcesBuildPhase;
			buildActionMask = 2147483647;
			files = (
				472C9EC51FA583E7005481C9 /* _______UITests.m in Sources */,
			);
			runOnlyForDeploymentPostprocessing = 0;
		};
/* End PBXSourcesBuildPhase section */

/* Begin PBXTargetDependency section */
		472C9EB71FA583E7005481C9 /* PBXTargetDependency */ = {
			isa = PBXTargetDependency;
			target = 472C9E9C1FA583E6005481C9 /* 知识点验证合集 */;
			targetProxy = 472C9EB61FA583E7005481C9 /* PBXContainerItemProxy */;
		};
		472C9EC21FA583E7005481C9 /* PBXTargetDependency */ = {
			isa = PBXTargetDependency;
			target = 472C9E9C1FA583E6005481C9 /* 知识点验证合集 */;
			targetProxy = 472C9EC11FA583E7005481C9 /* PBXContainerItemProxy */;
		};
/* End PBXTargetDependency section */

/* Begin PBXVariantGroup section */
		472C9EA61FA583E6005481C9 /* Main.storyboard */ = {
			isa = PBXVariantGroup;
			children = (
				472C9EA71FA583E6005481C9 /* Base */,
			);
			name = Main.storyboard;
			sourceTree = "<group>";
		};
		472C9EAB1FA583E6005481C9 /* LaunchScreen.storyboard */ = {
			isa = PBXVariantGroup;
			children = (
				472C9EAC1FA583E6005481C9 /* Base */,
			);
			name = LaunchScreen.storyboard;
			sourceTree = "<group>";
		};
/* End PBXVariantGroup section */

/* Begin XCBuildConfiguration section */
		472C9EC71FA583E7005481C9 /* Debug */ = {
			isa = XCBuildConfiguration;
			buildSettings = {
				ALWAYS_SEARCH_USER_PATHS = NO;
				CLANG_ANALYZER_NONNULL = YES;
				CLANG_ANALYZER_NUMBER_OBJECT_CONVERSION = YES_AGGRESSIVE;
				CLANG_CXX_LANGUAGE_STANDARD = "gnu++14";
				CLANG_CXX_LIBRARY = "libc++";
				CLANG_ENABLE_MODULES = YES;
				CLANG_ENABLE_OBJC_ARC = YES;
				CLANG_WARN_BLOCK_CAPTURE_AUTORELEASING = YES;
				CLANG_WARN_BOOL_CONVERSION = YES;
				CLANG_WARN_COMMA = YES;
				CLANG_WARN_CONSTANT_CONVERSION = YES;
				CLANG_WARN_DIRECT_OBJC_ISA_USAGE = YES_ERROR;
				CLANG_WARN_DOCUMENTATION_COMMENTS = YES;
				CLANG_WARN_EMPTY_BODY = YES;
				CLANG_WARN_ENUM_CONVERSION = YES;
				CLANG_WARN_INFINITE_RECURSION = YES;
				CLANG_WARN_INT_CONVERSION = YES;
				CLANG_WARN_NON_LITERAL_NULL_CONVERSION = YES;
				CLANG_WARN_OBJC_LITERAL_CONVERSION = YES;
				CLANG_WARN_OBJC_ROOT_CLASS = YES_ERROR;
				CLANG_WARN_RANGE_LOOP_ANALYSIS = YES;
				CLANG_WARN_STRICT_PROTOTYPES = YES;
				CLANG_WARN_SUSPICIOUS_MOVE = YES;
				CLANG_WARN_UNGUARDED_AVAILABILITY = YES_AGGRESSIVE;
				CLANG_WARN_UNREACHABLE_CODE = YES;
				CLANG_WARN__DUPLICATE_METHOD_MATCH = YES;
				CODE_SIGN_IDENTITY = "iPhone Developer";
				COPY_PHASE_STRIP = NO;
				DEBUG_INFORMATION_FORMAT = dwarf;
				ENABLE_STRICT_OBJC_MSGSEND = YES;
				ENABLE_TESTABILITY = YES;
				GCC_C_LANGUAGE_STANDARD = gnu11;
				GCC_DYNAMIC_NO_PIC = NO;
				GCC_NO_COMMON_BLOCKS = YES;
				GCC_OPTIMIZATION_LEVEL = 0;
				GCC_PREPROCESSOR_DEFINITIONS = (
					"DEBUG=1",
					"$(inherited)",
				);
				GCC_WARN_64_TO_32_BIT_CONVERSION = YES;
				GCC_WARN_ABOUT_RETURN_TYPE = YES_ERROR;
				GCC_WARN_UNDECLARED_SELECTOR = YES;
				GCC_WARN_UNINITIALIZED_AUTOS = YES_AGGRESSIVE;
				GCC_WARN_UNUSED_FUNCTION = YES;
				GCC_WARN_UNUSED_VARIABLE = YES;
				IPHONEOS_DEPLOYMENT_TARGET = 11.0;
				MTL_ENABLE_DEBUG_INFO = YES;
				ONLY_ACTIVE_ARCH = YES;
				SDKROOT = iphoneos;
			};
			name = Debug;
		};
		472C9EC81FA583E7005481C9 /* Release */ = {
			isa = XCBuildConfiguration;
			buildSettings = {
				ALWAYS_SEARCH_USER_PATHS = NO;
				CLANG_ANALYZER_NONNULL = YES;
				CLANG_ANALYZER_NUMBER_OBJECT_CONVERSION = YES_AGGRESSIVE;
				CLANG_CXX_LANGUAGE_STANDARD = "gnu++14";
				CLANG_CXX_LIBRARY = "libc++";
				CLANG_ENABLE_MODULES = YES;
				CLANG_ENABLE_OBJC_ARC = YES;
				CLANG_WARN_BLOCK_CAPTURE_AUTORELEASING = YES;
				CLANG_WARN_BOOL_CONVERSION = YES;
				CLANG_WARN_COMMA = YES;
				CLANG_WARN_CONSTANT_CONVERSION = YES;
				CLANG_WARN_DIRECT_OBJC_ISA_USAGE = YES_ERROR;
				CLANG_WARN_DOCUMENTATION_COMMENTS = YES;
				CLANG_WARN_EMPTY_BODY = YES;
				CLANG_WARN_ENUM_CONVERSION = YES;
				CLANG_WARN_INFINITE_RECURSION = YES;
				CLANG_WARN_INT_CONVERSION = YES;
				CLANG_WARN_NON_LITERAL_NULL_CONVERSION = YES;
				CLANG_WARN_OBJC_LITERAL_CONVERSION = YES;
				CLANG_WARN_OBJC_ROOT_CLASS = YES_ERROR;
				CLANG_WARN_RANGE_LOOP_ANALYSIS = YES;
				CLANG_WARN_STRICT_PROTOTYPES = YES;
				CLANG_WARN_SUSPICIOUS_MOVE = YES;
				CLANG_WARN_UNGUARDED_AVAILABILITY = YES_AGGRESSIVE;
				CLANG_WARN_UNREACHABLE_CODE = YES;
				CLANG_WARN__DUPLICATE_METHOD_MATCH = YES;
				CODE_SIGN_IDENTITY = "iPhone Developer";
				COPY_PHASE_STRIP = NO;
				DEBUG_INFORMATION_FORMAT = "dwarf-with-dsym";
				ENABLE_NS_ASSERTIONS = NO;
				ENABLE_STRICT_OBJC_MSGSEND = YES;
				GCC_C_LANGUAGE_STANDARD = gnu11;
				GCC_NO_COMMON_BLOCKS = YES;
				GCC_WARN_64_TO_32_BIT_CONVERSION = YES;
				GCC_WARN_ABOUT_RETURN_TYPE = YES_ERROR;
				GCC_WARN_UNDECLARED_SELECTOR = YES;
				GCC_WARN_UNINITIALIZED_AUTOS = YES_AGGRESSIVE;
				GCC_WARN_UNUSED_FUNCTION = YES;
				GCC_WARN_UNUSED_VARIABLE = YES;
				IPHONEOS_DEPLOYMENT_TARGET = 11.0;
				MTL_ENABLE_DEBUG_INFO = NO;
				SDKROOT = iphoneos;
				VALIDATE_PRODUCT = YES;
			};
			name = Release;
		};
		472C9ECA1FA583E7005481C9 /* Debug */ = {
			isa = XCBuildConfiguration;
			baseConfigurationReference = 064AB5745159A14C3533CE84 /* Pods-知识点验证合集.debug.xcconfig */;
			buildSettings = {
				ASSETCATALOG_COMPILER_APPICON_NAME = AppIcon;
				CODE_SIGN_STYLE = Automatic;
				DEVELOPMENT_TEAM = 92AS9FD8QV;
				ENABLE_STRICT_OBJC_MSGSEND = NO;
				INFOPLIST_FILE = "知识点验证合集/Info.plist";
				LD_RUNPATH_SEARCH_PATHS = "$(inherited) @executable_path/Frameworks";
				PRODUCT_BUNDLE_IDENTIFIER = "com.liang.-------";
				PRODUCT_NAME = "$(TARGET_NAME)";
				TARGETED_DEVICE_FAMILY = "1,2";
			};
			name = Debug;
		};
		472C9ECB1FA583E7005481C9 /* Release */ = {
			isa = XCBuildConfiguration;
			baseConfigurationReference = 7205A4101C3EEF071468003F /* Pods-知识点验证合集.release.xcconfig */;
			buildSettings = {
				ASSETCATALOG_COMPILER_APPICON_NAME = AppIcon;
				CODE_SIGN_STYLE = Automatic;
				DEVELOPMENT_TEAM = 92AS9FD8QV;
				ENABLE_STRICT_OBJC_MSGSEND = NO;
				INFOPLIST_FILE = "知识点验证合集/Info.plist";
				LD_RUNPATH_SEARCH_PATHS = "$(inherited) @executable_path/Frameworks";
				PRODUCT_BUNDLE_IDENTIFIER = "com.liang.-------";
				PRODUCT_NAME = "$(TARGET_NAME)";
				TARGETED_DEVICE_FAMILY = "1,2";
			};
			name = Release;
		};
		472C9ECD1FA583E7005481C9 /* Debug */ = {
			isa = XCBuildConfiguration;
			baseConfigurationReference = BC071C4E632D508C0618F84E /* Pods-知识点验证合集Tests.debug.xcconfig */;
			buildSettings = {
				BUNDLE_LOADER = "$(TEST_HOST)";
				CODE_SIGN_STYLE = Automatic;
				INFOPLIST_FILE = "知识点验证合集Tests/Info.plist";
				LD_RUNPATH_SEARCH_PATHS = "$(inherited) @executable_path/Frameworks @loader_path/Frameworks";
				PRODUCT_BUNDLE_IDENTIFIER = "com.liang.-------Tests";
				PRODUCT_NAME = "$(TARGET_NAME)";
				TARGETED_DEVICE_FAMILY = "1,2";
				TEST_HOST = "$(BUILT_PRODUCTS_DIR)/知识点验证合集.app/知识点验证合集";
			};
			name = Debug;
		};
		472C9ECE1FA583E7005481C9 /* Release */ = {
			isa = XCBuildConfiguration;
			baseConfigurationReference = 8897BFC84EC04006FC468972 /* Pods-知识点验证合集Tests.release.xcconfig */;
			buildSettings = {
				BUNDLE_LOADER = "$(TEST_HOST)";
				CODE_SIGN_STYLE = Automatic;
				INFOPLIST_FILE = "知识点验证合集Tests/Info.plist";
				LD_RUNPATH_SEARCH_PATHS = "$(inherited) @executable_path/Frameworks @loader_path/Frameworks";
				PRODUCT_BUNDLE_IDENTIFIER = "com.liang.-------Tests";
				PRODUCT_NAME = "$(TARGET_NAME)";
				TARGETED_DEVICE_FAMILY = "1,2";
				TEST_HOST = "$(BUILT_PRODUCTS_DIR)/知识点验证合集.app/知识点验证合集";
			};
			name = Release;
		};
		472C9ED01FA583E7005481C9 /* Debug */ = {
			isa = XCBuildConfiguration;
			baseConfigurationReference = AF4CFD453E9B819EBA09EF5D /* Pods-知识点验证合集UITests.debug.xcconfig */;
			buildSettings = {
				CODE_SIGN_STYLE = Automatic;
				INFOPLIST_FILE = "知识点验证合集UITests/Info.plist";
				LD_RUNPATH_SEARCH_PATHS = "$(inherited) @executable_path/Frameworks @loader_path/Frameworks";
				PRODUCT_BUNDLE_IDENTIFIER = "com.liang.-------UITests";
				PRODUCT_NAME = "$(TARGET_NAME)";
				TARGETED_DEVICE_FAMILY = "1,2";
				TEST_TARGET_NAME = "知识点验证合集";
			};
			name = Debug;
		};
		472C9ED11FA583E7005481C9 /* Release */ = {
			isa = XCBuildConfiguration;
			baseConfigurationReference = A162103AE178A24B49B35EF1 /* Pods-知识点验证合集UITests.release.xcconfig */;
			buildSettings = {
				CODE_SIGN_STYLE = Automatic;
				INFOPLIST_FILE = "知识点验证合集UITests/Info.plist";
				LD_RUNPATH_SEARCH_PATHS = "$(inherited) @executable_path/Frameworks @loader_path/Frameworks";
				PRODUCT_BUNDLE_IDENTIFIER = "com.liang.-------UITests";
				PRODUCT_NAME = "$(TARGET_NAME)";
				TARGETED_DEVICE_FAMILY = "1,2";
				TEST_TARGET_NAME = "知识点验证合集";
			};
			name = Release;
		};
/* End XCBuildConfiguration section */

/* Begin XCConfigurationList section */
		472C9E981FA583E6005481C9 /* Build configuration list for PBXProject "知识点验证合集" */ = {
			isa = XCConfigurationList;
			buildConfigurations = (
				472C9EC71FA583E7005481C9 /* Debug */,
				472C9EC81FA583E7005481C9 /* Release */,
			);
			defaultConfigurationIsVisible = 0;
			defaultConfigurationName = Release;
		};
		472C9EC91FA583E7005481C9 /* Build configuration list for PBXNativeTarget "知识点验证合集" */ = {
			isa = XCConfigurationList;
			buildConfigurations = (
				472C9ECA1FA583E7005481C9 /* Debug */,
				472C9ECB1FA583E7005481C9 /* Release */,
			);
			defaultConfigurationIsVisible = 0;
			defaultConfigurationName = Release;
		};
		472C9ECC1FA583E7005481C9 /* Build configuration list for PBXNativeTarget "知识点验证合集Tests" */ = {
			isa = XCConfigurationList;
			buildConfigurations = (
				472C9ECD1FA583E7005481C9 /* Debug */,
				472C9ECE1FA583E7005481C9 /* Release */,
			);
			defaultConfigurationIsVisible = 0;
			defaultConfigurationName = Release;
		};
		472C9ECF1FA583E7005481C9 /* Build configuration list for PBXNativeTarget "知识点验证合集UITests" */ = {
			isa = XCConfigurationList;
			buildConfigurations = (
				472C9ED01FA583E7005481C9 /* Debug */,
				472C9ED11FA583E7005481C9 /* Release */,
			);
			defaultConfigurationIsVisible = 0;
			defaultConfigurationName = Release;
		};
/* End XCConfigurationList section */
	};
	rootObject = 472C9E951FA583E6005481C9 /* Project object */;
}
