// !$*UTF8*$!
{
	archiveVersion = 1;
	classes = {
	};
	objectVersion = 48;
	objects = {

/* Begin PBXBuildFile section */
		EC1168BC2058164D004FF567 /* FilesDownloaderManager.swift in Sources */ = {isa = PBXBuildFile; fileRef = EC1168BB2058164D004FF567 /* FilesDownloaderManager.swift */; };
		EC1168BE20581E3A004FF567 /* DownloadInfoCellTableViewCell.swift in Sources */ = {isa = PBXBuildFile; fileRef = EC1168BD20581E3A004FF567 /* DownloadInfoCellTableViewCell.swift */; };
		ECE678A5204FBF8100993257 /* AppDelegate.swift in Sources */ = {isa = PBXBuildFile; fileRef = ECE678A4204FBF8100993257 /* AppDelegate.swift */; };
		ECE678A7204FBF8100993257 /* ViewController.swift in Sources */ = {isa = PBXBuildFile; fileRef = ECE678A6204FBF8100993257 /* ViewController.swift */; };
		ECE678AA204FBF8100993257 /* Main.storyboard in Resources */ = {isa = PBXBuildFile; fileRef = ECE678A8204FBF8100993257 /* Main.storyboard */; };
		ECE678AC204FBF8100993257 /* Assets.xcassets in Resources */ = {isa = PBXBuildFile; fileRef = ECE678AB204FBF8100993257 /* Assets.xcassets */; };
		ECE678AF204FBF8100993257 /* LaunchScreen.storyboard in Resources */ = {isa = PBXBuildFile; fileRef = ECE678AD204FBF8100993257 /* LaunchScreen.storyboard */; };
		ECE678B8204FC0B900993257 /* FilesDownloadOperation.swift in Sources */ = {isa = PBXBuildFile; fileRef = ECE678B7204FC0B900993257 /* FilesDownloadOperation.swift */; };
		ECE678BA20500CED00993257 /* Downloadable.swift in Sources */ = {isa = PBXBuildFile; fileRef = ECE678B920500CED00993257 /* Downloadable.swift */; };
		ECE678BC20500DA600993257 /* DownloadedModel.swift in Sources */ = {isa = PBXBuildFile; fileRef = ECE678BB20500DA600993257 /* DownloadedModel.swift */; };
		ECE678DC2054F1CE00993257 /* State.swift in Sources */ = {isa = PBXBuildFile; fileRef = ECE678DB2054F1CD00993257 /* State.swift */; };
		ECE678E02055428C00993257 /* DownloaderManager.swift in Sources */ = {isa = PBXBuildFile; fileRef = ECE678DF2055428C00993257 /* DownloaderManager.swift */; };
		ECE678E220554C5D00993257 /* FilesDownloaderOperation.swift in Sources */ = {isa = PBXBuildFile; fileRef = ECE678E120554C5D00993257 /* FilesDownloaderOperation.swift */; };
/* End PBXBuildFile section */

/* Begin PBXFileReference section */
		EC1168BB2058164D004FF567 /* FilesDownloaderManager.swift */ = {isa = PBXFileReference; lastKnownFileType = sourcecode.swift; path = FilesDownloaderManager.swift; sourceTree = "<group>"; };
		EC1168BD20581E3A004FF567 /* DownloadInfoCellTableViewCell.swift */ = {isa = PBXFileReference; lastKnownFileType = sourcecode.swift; path = DownloadInfoCellTableViewCell.swift; sourceTree = "<group>"; };
		ECE678A1204FBF8100993257 /* Downloader.app */ = {isa = PBXFileReference; explicitFileType = wrapper.application; includeInIndex = 0; path = Downloader.app; sourceTree = BUILT_PRODUCTS_DIR; };
		ECE678A4204FBF8100993257 /* AppDelegate.swift */ = {isa = PBXFileReference; lastKnownFileType = sourcecode.swift; path = AppDelegate.swift; sourceTree = "<group>"; };
		ECE678A6204FBF8100993257 /* ViewController.swift */ = {isa = PBXFileReference; lastKnownFileType = sourcecode.swift; path = ViewController.swift; sourceTree = "<group>"; };
		ECE678A9204FBF8100993257 /* Base */ = {isa = PBXFileReference; lastKnownFileType = file.storyboard; name = Base; path = Base.lproj/Main.storyboard; sourceTree = "<group>"; };
		ECE678AB204FBF8100993257 /* Assets.xcassets */ = {isa = PBXFileReference; lastKnownFileType = folder.assetcatalog; path = Assets.xcassets; sourceTree = "<group>"; };
		ECE678AE204FBF8100993257 /* Base */ = {isa = PBXFileReference; lastKnownFileType = file.storyboard; name = Base; path = Base.lproj/LaunchScreen.storyboard; sourceTree = "<group>"; };
		ECE678B0204FBF8100993257 /* Info.plist */ = {isa = PBXFileReference; lastKnownFileType = text.plist.xml; path = Info.plist; sourceTree = "<group>"; };
		ECE678B7204FC0B900993257 /* FilesDownloadOperation.swift */ = {isa = PBXFileReference; lastKnownFileType = sourcecode.swift; path = FilesDownloadOperation.swift; sourceTree = "<group>"; };
		ECE678B920500CED00993257 /* Downloadable.swift */ = {isa = PBXFileReference; lastKnownFileType = sourcecode.swift; path = Downloadable.swift; sourceTree = "<group>"; };
		ECE678BB20500DA600993257 /* DownloadedModel.swift */ = {isa = PBXFileReference; lastKnownFileType = sourcecode.swift; path = DownloadedModel.swift; sourceTree = "<group>"; };
		ECE678DB2054F1CD00993257 /* State.swift */ = {isa = PBXFileReference; lastKnownFileType = sourcecode.swift; path = State.swift; sourceTree = "<group>"; };
		ECE678DF2055428C00993257 /* DownloaderManager.swift */ = {isa = PBXFileReference; lastKnownFileType = sourcecode.swift; path = DownloaderManager.swift; sourceTree = "<group>"; };
		ECE678E120554C5D00993257 /* FilesDownloaderOperation.swift */ = {isa = PBXFileReference; lastKnownFileType = sourcecode.swift; path = FilesDownloaderOperation.swift; sourceTree = "<group>"; };
/* End PBXFileReference section */

/* Begin PBXFrameworksBuildPhase section */
		ECE6789E204FBF8100993257 /* Frameworks */ = {
			isa = PBXFrameworksBuildPhase;
			buildActionMask = 2147483647;
			files = (
			);
			runOnlyForDeploymentPostprocessing = 0;
		};
/* End PBXFrameworksBuildPhase section */

/* Begin PBXGroup section */
		ECE67898204FBF8100993257 = {
			isa = PBXGroup;
			children = (
				ECE678A3204FBF8100993257 /* Downloader */,
				ECE678A2204FBF8100993257 /* Products */,
			);
			sourceTree = "<group>";
		};
		ECE678A2204FBF8100993257 /* Products */ = {
			isa = PBXGroup;
			children = (
				ECE678A1204FBF8100993257 /* Downloader.app */,
			);
			name = Products;
			sourceTree = "<group>";
		};
		ECE678A3204FBF8100993257 /* Downloader */ = {
			isa = PBXGroup;
			children = (
				ECE678B6204FC06D00993257 /* Downloader */,
				ECE678BB20500DA600993257 /* DownloadedModel.swift */,
				ECE678A4204FBF8100993257 /* AppDelegate.swift */,
				ECE678A6204FBF8100993257 /* ViewController.swift */,
				EC1168BD20581E3A004FF567 /* DownloadInfoCellTableViewCell.swift */,
				ECE678A8204FBF8100993257 /* Main.storyboard */,
				ECE678AB204FBF8100993257 /* Assets.xcassets */,
				ECE678AD204FBF8100993257 /* LaunchScreen.storyboard */,
				ECE678B0204FBF8100993257 /* Info.plist */,
			);
			path = Downloader;
			sourceTree = "<group>";
		};
		ECE678B6204FC06D00993257 /* Downloader */ = {
			isa = PBXGroup;
			children = (
				ECE678DB2054F1CD00993257 /* State.swift */,
				ECE678B920500CED00993257 /* Downloadable.swift */,
				ECE678B7204FC0B900993257 /* FilesDownloadOperation.swift */,
				ECE678DF2055428C00993257 /* DownloaderManager.swift */,
				ECE678E120554C5D00993257 /* FilesDownloaderOperation.swift */,
				EC1168BB2058164D004FF567 /* FilesDownloaderManager.swift */,
			);
			path = Downloader;
			sourceTree = "<group>";
		};
/* End PBXGroup section */

/* Begin PBXNativeTarget section */
		ECE678A0204FBF8100993257 /* Downloader */ = {
			isa = PBXNativeTarget;
			buildConfigurationList = ECE678B3204FBF8100993257 /* Build configuration list for PBXNativeTarget "Downloader" */;
			buildPhases = (
				ECE6789D204FBF8100993257 /* Sources */,
				ECE6789E204FBF8100993257 /* Frameworks */,
				ECE6789F204FBF8100993257 /* Resources */,
			);
			buildRules = (
			);
			dependencies = (
			);
			name = Downloader;
			productName = Downloader;
			productReference = ECE678A1204FBF8100993257 /* Downloader.app */;
			productType = "com.apple.product-type.application";
		};
/* End PBXNativeTarget section */

/* Begin PBXProject section */
		ECE67899204FBF8100993257 /* Project object */ = {
			isa = PBXProject;
			attributes = {
				LastSwiftUpdateCheck = 0920;
				LastUpgradeCheck = 0920;
				ORGANIZATIONNAME = Liang;
				TargetAttributes = {
					ECE678A0204FBF8100993257 = {
						CreatedOnToolsVersion = 9.2;
						ProvisioningStyle = Automatic;
					};
				};
			};
			buildConfigurationList = ECE6789C204FBF8100993257 /* Build configuration list for PBXProject "Downloader" */;
			compatibilityVersion = "Xcode 8.0";
			developmentRegion = en;
			hasScannedForEncodings = 0;
			knownRegions = (
				en,
				Base,
			);
			mainGroup = ECE67898204FBF8100993257;
			productRefGroup = ECE678A2204FBF8100993257 /* Products */;
			projectDirPath = "";
			projectRoot = "";
			targets = (
				ECE678A0204FBF8100993257 /* Downloader */,
			);
		};
/* End PBXProject section */

/* Begin PBXResourcesBuildPhase section */
		ECE6789F204FBF8100993257 /* Resources */ = {
			isa = PBXResourcesBuildPhase;
			buildActionMask = 2147483647;
			files = (
				ECE678AF204FBF8100993257 /* LaunchScreen.storyboard in Resources */,
				ECE678AC204FBF8100993257 /* Assets.xcassets in Resources */,
				ECE678AA204FBF8100993257 /* Main.storyboard in Resources */,
			);
			runOnlyForDeploymentPostprocessing = 0;
		};
/* End PBXResourcesBuildPhase section */

/* Begin PBXSourcesBuildPhase section */
		ECE6789D204FBF8100993257 /* Sources */ = {
			isa = PBXSourcesBuildPhase;
			buildActionMask = 2147483647;
			files = (
				ECE678E220554C5D00993257 /* FilesDownloaderOperation.swift in Sources */,
				ECE678A7204FBF8100993257 /* ViewController.swift in Sources */,
				ECE678E02055428C00993257 /* DownloaderManager.swift in Sources */,
				ECE678BA20500CED00993257 /* Downloadable.swift in Sources */,
				ECE678B8204FC0B900993257 /* FilesDownloadOperation.swift in Sources */,
				ECE678BC20500DA600993257 /* DownloadedModel.swift in Sources */,
				ECE678A5204FBF8100993257 /* AppDelegate.swift in Sources */,
				EC1168BC2058164D004FF567 /* FilesDownloaderManager.swift in Sources */,
				ECE678DC2054F1CE00993257 /* State.swift in Sources */,
				EC1168BE20581E3A004FF567 /* DownloadInfoCellTableViewCell.swift in Sources */,
			);
			runOnlyForDeploymentPostprocessing = 0;
		};
/* End PBXSourcesBuildPhase section */

/* Begin PBXVariantGroup section */
		ECE678A8204FBF8100993257 /* Main.storyboard */ = {
			isa = PBXVariantGroup;
			children = (
				ECE678A9204FBF8100993257 /* Base */,
			);
			name = Main.storyboard;
			sourceTree = "<group>";
		};
		ECE678AD204FBF8100993257 /* LaunchScreen.storyboard */ = {
			isa = PBXVariantGroup;
			children = (
				ECE678AE204FBF8100993257 /* Base */,
			);
			name = LaunchScreen.storyboard;
			sourceTree = "<group>";
		};
/* End PBXVariantGroup section */

/* Begin XCBuildConfiguration section */
		ECE678B1204FBF8100993257 /* Debug */ = {
			isa = XCBuildConfiguration;
			buildSettings = {
				ALWAYS_SEARCH_USER_PATHS = NO;
				CLANG_ANALYZER_NONNULL = YES;
				CLANG_ANALYZER_NUMBER_OBJECT_CONVERSION = YES_AGGRESSIVE;
				CLANG_CXX_LANGUAGE_STANDARD = "gnu++14";
				CLANG_CXX_LIBRARY = "libc++";
				CLANG_ENABLE_MODULES = YES;
				CLANG_ENABLE_OBJC_ARC = YES;
				CLANG_WARN_BLOCK_CAPTURE_AUTORELEASING = YES;
				CLANG_WARN_BOOL_CONVERSION = YES;
				CLANG_WARN_COMMA = YES;
				CLANG_WARN_CONSTANT_CONVERSION = YES;
				CLANG_WARN_DIRECT_OBJC_ISA_USAGE = YES_ERROR;
				CLANG_WARN_DOCUMENTATION_COMMENTS = YES;
				CLANG_WARN_EMPTY_BODY = YES;
				CLANG_WARN_ENUM_CONVERSION = YES;
				CLANG_WARN_INFINITE_RECURSION = YES;
				CLANG_WARN_INT_CONVERSION = YES;
				CLANG_WARN_NON_LITERAL_NULL_CONVERSION = YES;
				CLANG_WARN_OBJC_LITERAL_CONVERSION = YES;
				CLANG_WARN_OBJC_ROOT_CLASS = YES_ERROR;
				CLANG_WARN_RANGE_LOOP_ANALYSIS = YES;
				CLANG_WARN_STRICT_PROTOTYPES = YES;
				CLANG_WARN_SUSPICIOUS_MOVE = YES;
				CLANG_WARN_UNGUARDED_AVAILABILITY = YES_AGGRESSIVE;
				CLANG_WARN_UNREACHABLE_CODE = YES;
				CLANG_WARN__DUPLICATE_METHOD_MATCH = YES;
				CODE_SIGN_IDENTITY = "iPhone Developer";
				COPY_PHASE_STRIP = NO;
				DEBUG_INFORMATION_FORMAT = dwarf;
				ENABLE_STRICT_OBJC_MSGSEND = YES;
				ENABLE_TESTABILITY = YES;
				GCC_C_LANGUAGE_STANDARD = gnu11;
				GCC_DYNAMIC_NO_PIC = NO;
				GCC_NO_COMMON_BLOCKS = YES;
				GCC_OPTIMIZATION_LEVEL = 0;
				GCC_PREPROCESSOR_DEFINITIONS = (
					"DEBUG=1",
					"$(inherited)",
				);
				GCC_WARN_64_TO_32_BIT_CONVERSION = YES;
				GCC_WARN_ABOUT_RETURN_TYPE = YES_ERROR;
				GCC_WARN_UNDECLARED_SELECTOR = YES;
				GCC_WARN_UNINITIALIZED_AUTOS = YES_AGGRESSIVE;
				GCC_WARN_UNUSED_FUNCTION = YES;
				GCC_WARN_UNUSED_VARIABLE = YES;
				IPHONEOS_DEPLOYMENT_TARGET = 11.2;
				MTL_ENABLE_DEBUG_INFO = YES;
				ONLY_ACTIVE_ARCH = YES;
				SDKROOT = iphoneos;
				SWIFT_ACTIVE_COMPILATION_CONDITIONS = DEBUG;
				SWIFT_OPTIMIZATION_LEVEL = "-Onone";
			};
			name = Debug;
		};
		ECE678B2204FBF8100993257 /* Release */ = {
			isa = XCBuildConfiguration;
			buildSettings = {
				ALWAYS_SEARCH_USER_PATHS = NO;
				CLANG_ANALYZER_NONNULL = YES;
				CLANG_ANALYZER_NUMBER_OBJECT_CONVERSION = YES_AGGRESSIVE;
				CLANG_CXX_LANGUAGE_STANDARD = "gnu++14";
				CLANG_CXX_LIBRARY = "libc++";
				CLANG_ENABLE_MODULES = YES;
				CLANG_ENABLE_OBJC_ARC = YES;
				CLANG_WARN_BLOCK_CAPTURE_AUTORELEASING = YES;
				CLANG_WARN_BOOL_CONVERSION = YES;
				CLANG_WARN_COMMA = YES;
				CLANG_WARN_CONSTANT_CONVERSION = YES;
				CLANG_WARN_DIRECT_OBJC_ISA_USAGE = YES_ERROR;
				CLANG_WARN_DOCUMENTATION_COMMENTS = YES;
				CLANG_WARN_EMPTY_BODY = YES;
				CLANG_WARN_ENUM_CONVERSION = YES;
				CLANG_WARN_INFINITE_RECURSION = YES;
				CLANG_WARN_INT_CONVERSION = YES;
				CLANG_WARN_NON_LITERAL_NULL_CONVERSION = YES;
				CLANG_WARN_OBJC_LITERAL_CONVERSION = YES;
				CLANG_WARN_OBJC_ROOT_CLASS = YES_ERROR;
				CLANG_WARN_RANGE_LOOP_ANALYSIS = YES;
				CLANG_WARN_STRICT_PROTOTYPES = YES;
				CLANG_WARN_SUSPICIOUS_MOVE = YES;
				CLANG_WARN_UNGUARDED_AVAILABILITY = YES_AGGRESSIVE;
				CLANG_WARN_UNREACHABLE_CODE = YES;
				CLANG_WARN__DUPLICATE_METHOD_MATCH = YES;
				CODE_SIGN_IDENTITY = "iPhone Developer";
				COPY_PHASE_STRIP = NO;
				DEBUG_INFORMATION_FORMAT = "dwarf-with-dsym";
				ENABLE_NS_ASSERTIONS = NO;
				ENABLE_STRICT_OBJC_MSGSEND = YES;
				GCC_C_LANGUAGE_STANDARD = gnu11;
				GCC_NO_COMMON_BLOCKS = YES;
				GCC_WARN_64_TO_32_BIT_CONVERSION = YES;
				GCC_WARN_ABOUT_RETURN_TYPE = YES_ERROR;
				GCC_WARN_UNDECLARED_SELECTOR = YES;
				GCC_WARN_UNINITIALIZED_AUTOS = YES_AGGRESSIVE;
				GCC_WARN_UNUSED_FUNCTION = YES;
				GCC_WARN_UNUSED_VARIABLE = YES;
				IPHONEOS_DEPLOYMENT_TARGET = 11.2;
				MTL_ENABLE_DEBUG_INFO = NO;
				SDKROOT = iphoneos;
				SWIFT_OPTIMIZATION_LEVEL = "-Owholemodule";
				VALIDATE_PRODUCT = YES;
			};
			name = Release;
		};
		ECE678B4204FBF8100993257 /* Debug */ = {
			isa = XCBuildConfiguration;
			buildSettings = {
				ASSETCATALOG_COMPILER_APPICON_NAME = AppIcon;
				CODE_SIGN_STYLE = Automatic;
				INFOPLIST_FILE = Downloader/Info.plist;
				LD_RUNPATH_SEARCH_PATHS = "$(inherited) @executable_path/Frameworks";
				PRODUCT_BUNDLE_IDENTIFIER = com.liang.Downloader;
				PRODUCT_NAME = "$(TARGET_NAME)";
				SWIFT_VERSION = 4.0;
				TARGETED_DEVICE_FAMILY = "1,2";
			};
			name = Debug;
		};
		ECE678B5204FBF8100993257 /* Release */ = {
			isa = XCBuildConfiguration;
			buildSettings = {
				ASSETCATALOG_COMPILER_APPICON_NAME = AppIcon;
				CODE_SIGN_STYLE = Automatic;
				INFOPLIST_FILE = Downloader/Info.plist;
				LD_RUNPATH_SEARCH_PATHS = "$(inherited) @executable_path/Frameworks";
				PRODUCT_BUNDLE_IDENTIFIER = com.liang.Downloader;
				PRODUCT_NAME = "$(TARGET_NAME)";
				SWIFT_VERSION = 4.0;
				TARGETED_DEVICE_FAMILY = "1,2";
			};
			name = Release;
		};
/* End XCBuildConfiguration section */

/* Begin XCConfigurationList section */
		ECE6789C204FBF8100993257 /* Build configuration list for PBXProject "Downloader" */ = {
			isa = XCConfigurationList;
			buildConfigurations = (
				ECE678B1204FBF8100993257 /* Debug */,
				ECE678B2204FBF8100993257 /* Release */,
			);
			defaultConfigurationIsVisible = 0;
			defaultConfigurationName = Release;
		};
		ECE678B3204FBF8100993257 /* Build configuration list for PBXNativeTarget "Downloader" */ = {
			isa = XCConfigurationList;
			buildConfigurations = (
				ECE678B4204FBF8100993257 /* Debug */,
				ECE678B5204FBF8100993257 /* Release */,
			);
			defaultConfigurationIsVisible = 0;
			defaultConfigurationName = Release;
		};
/* End XCConfigurationList section */
	};
	rootObject = ECE67899204FBF8100993257 /* Project object */;
}
